// !$*UTF8*$!
{
	archiveVersion = 1;
	classes = {
	};
	objectVersion = 46;
	objects = {

/* Begin PBXBuildFile section */
		AA38CB32187B416A00426D34 /* MainMenu.xib in Resources */ = {isa = PBXBuildFile; fileRef = AAB09A43187AF12400580CA8 /* MainMenu.xib */; };
		AA658D6E187B43C1003EECC6 /* gmv_runner in CopyFiles */ = {isa = PBXBuildFile; fileRef = AA658D68187B4351003EECC6 /* gmv_runner */; };
		AA658D6F187B43C1003EECC6 /* python in CopyFiles */ = {isa = PBXBuildFile; fileRef = AA658D69187B4351003EECC6 /* python */; };
		AA658D71187B43E4003EECC6 /* Python.framework in CopyFiles */ = {isa = PBXBuildFile; fileRef = AA658D6D187B4397003EECC6 /* Python.framework */; };
		AA658D73187B4415003EECC6 /* __boot__.py in CopyFiles */ = {isa = PBXBuildFile; fileRef = AA658D60187B431A003EECC6 /* __boot__.py */; };
		AA658D74187B4415003EECC6 /* __error__.sh in CopyFiles */ = {isa = PBXBuildFile; fileRef = AA658D61187B431A003EECC6 /* __error__.sh */; };
		AA658D75187B4415003EECC6 /* gmv_runner.py in CopyFiles */ = {isa = PBXBuildFile; fileRef = AA658D62187B431A003EECC6 /* gmv_runner.py */; };
		AA658D76187B4415003EECC6 /* include in CopyFiles */ = {isa = PBXBuildFile; fileRef = AA658D63187B431A003EECC6 /* include */; };
		AA658D77187B4415003EECC6 /* lib in CopyFiles */ = {isa = PBXBuildFile; fileRef = AA658D64187B431A003EECC6 /* lib */; };
		AA658D78187B4415003EECC6 /* PythonApplet.icns in CopyFiles */ = {isa = PBXBuildFile; fileRef = AA658D65187B431A003EECC6 /* PythonApplet.icns */; };
		AA658D79187B4415003EECC6 /* site.pyc in CopyFiles */ = {isa = PBXBuildFile; fileRef = AA658D66187B431A003EECC6 /* site.pyc */; };
		AAB09A2F187AF12400580CA8 /* Cocoa.framework in Frameworks */ = {isa = PBXBuildFile; fileRef = AAB09A2E187AF12400580CA8 /* Cocoa.framework */; };
		AAB09A39187AF12400580CA8 /* InfoPlist.strings in Resources */ = {isa = PBXBuildFile; fileRef = AAB09A37187AF12400580CA8 /* InfoPlist.strings */; };
		AAB09A3B187AF12400580CA8 /* main.m in Sources */ = {isa = PBXBuildFile; fileRef = AAB09A3A187AF12400580CA8 /* main.m */; };
		AAB09A3F187AF12400580CA8 /* Credits.rtf in Resources */ = {isa = PBXBuildFile; fileRef = AAB09A3D187AF12400580CA8 /* Credits.rtf */; };
		AAB09A42187AF12400580CA8 /* AppDelegate.m in Sources */ = {isa = PBXBuildFile; fileRef = AAB09A41187AF12400580CA8 /* AppDelegate.m */; };
		AAB09A47187AF12400580CA8 /* Images.xcassets in Resources */ = {isa = PBXBuildFile; fileRef = AAB09A46187AF12400580CA8 /* Images.xcassets */; };
		AAFF5ED2187B8D8900920F9D /* gmvault_selected.png in Resources */ = {isa = PBXBuildFile; fileRef = AAFF5ECC187B8D8900920F9D /* gmvault_selected.png */; };
		AAFF5ED3187B8D8900920F9D /* gmvault.png in Resources */ = {isa = PBXBuildFile; fileRef = AAFF5ECD187B8D8900920F9D /* gmvault.png */; };
		AAFF5ED4187B8D8900920F9D /* scheduler_selected.png in Resources */ = {isa = PBXBuildFile; fileRef = AAFF5ECE187B8D8900920F9D /* scheduler_selected.png */; };
		AAFF5ED5187B8D8900920F9D /* scheduler.png in Resources */ = {isa = PBXBuildFile; fileRef = AAFF5ECF187B8D8900920F9D /* scheduler.png */; };
		AAFF5ED6187B8D8900920F9D /* settings_selected.png in Resources */ = {isa = PBXBuildFile; fileRef = AAFF5ED0187B8D8900920F9D /* settings_selected.png */; };
		AAFF5ED7187B8D8900920F9D /* settings.png in Resources */ = {isa = PBXBuildFile; fileRef = AAFF5ED1187B8D8900920F9D /* settings.png */; };
/* End PBXBuildFile section */

/* Begin PBXCopyFilesBuildPhase section */
		AA38CB19187B3E9300426D34 /* CopyFiles */ = {
			isa = PBXCopyFilesBuildPhase;
			buildActionMask = 2147483647;
			dstPath = "";
			dstSubfolderSpec = 6;
			files = (
				AA658D6E187B43C1003EECC6 /* gmv_runner in CopyFiles */,
				AA658D6F187B43C1003EECC6 /* python in CopyFiles */,
			);
			runOnlyForDeploymentPostprocessing = 0;
		};
		AA658D70187B43D7003EECC6 /* CopyFiles */ = {
			isa = PBXCopyFilesBuildPhase;
			buildActionMask = 2147483647;
			dstPath = "";
			dstSubfolderSpec = 10;
			files = (
				AA658D71187B43E4003EECC6 /* Python.framework in CopyFiles */,
			);
			runOnlyForDeploymentPostprocessing = 0;
		};
		AA658D72187B440B003EECC6 /* CopyFiles */ = {
			isa = PBXCopyFilesBuildPhase;
			buildActionMask = 2147483647;
			dstPath = "";
			dstSubfolderSpec = 7;
			files = (
				AA658D73187B4415003EECC6 /* __boot__.py in CopyFiles */,
				AA658D74187B4415003EECC6 /* __error__.sh in CopyFiles */,
				AA658D75187B4415003EECC6 /* gmv_runner.py in CopyFiles */,
				AA658D76187B4415003EECC6 /* include in CopyFiles */,
				AA658D77187B4415003EECC6 /* lib in CopyFiles */,
				AA658D78187B4415003EECC6 /* PythonApplet.icns in CopyFiles */,
				AA658D79187B4415003EECC6 /* site.pyc in CopyFiles */,
			);
			runOnlyForDeploymentPostprocessing = 0;
		};
/* End PBXCopyFilesBuildPhase section */

/* Begin PBXFileReference section */
		AA38CB29187B3F5E00426D34 /* Info.plist */ = {isa = PBXFileReference; lastKnownFileType = text.plist.xml; name = Info.plist; path = gmvault/dist/dist/gmv_runner.app/Contents/Info.plist; sourceTree = "<group>"; };
		AA38CB2B187B3F5E00426D34 /* PkgInfo */ = {isa = PBXFileReference; lastKnownFileType = text; name = PkgInfo; path = gmvault/dist/dist/gmv_runner.app/Contents/PkgInfo; sourceTree = "<group>"; };
		AA658D60187B431A003EECC6 /* __boot__.py */ = {isa = PBXFileReference; lastKnownFileType = text.script.python; name = __boot__.py; path = gmvault/dist/dist/gmv_runner.app/Contents/Resources/__boot__.py; sourceTree = "<group>"; };
		AA658D61187B431A003EECC6 /* __error__.sh */ = {isa = PBXFileReference; lastKnownFileType = text.script.sh; name = __error__.sh; path = gmvault/dist/dist/gmv_runner.app/Contents/Resources/__error__.sh; sourceTree = "<group>"; };
		AA658D62187B431A003EECC6 /* gmv_runner.py */ = {isa = PBXFileReference; lastKnownFileType = text.script.python; name = gmv_runner.py; path = gmvault/dist/dist/gmv_runner.app/Contents/Resources/gmv_runner.py; sourceTree = "<group>"; };
		AA658D63187B431A003EECC6 /* include */ = {isa = PBXFileReference; lastKnownFileType = folder; name = include; path = gmvault/dist/dist/gmv_runner.app/Contents/Resources/include; sourceTree = "<group>"; };
		AA658D64187B431A003EECC6 /* lib */ = {isa = PBXFileReference; lastKnownFileType = folder; name = lib; path = gmvault/dist/dist/gmv_runner.app/Contents/Resources/lib; sourceTree = "<group>"; };
		AA658D65187B431A003EECC6 /* PythonApplet.icns */ = {isa = PBXFileReference; lastKnownFileType = image.icns; name = PythonApplet.icns; path = gmvault/dist/dist/gmv_runner.app/Contents/Resources/PythonApplet.icns; sourceTree = "<group>"; };
		AA658D66187B431A003EECC6 /* site.pyc */ = {isa = PBXFileReference; lastKnownFileType = file; name = site.pyc; path = gmvault/dist/dist/gmv_runner.app/Contents/Resources/site.pyc; sourceTree = "<group>"; };
		AA658D68187B4351003EECC6 /* gmv_runner */ = {isa = PBXFileReference; lastKnownFileType = "compiled.mach-o.executable"; name = gmv_runner; path = gmvault/dist/dist/gmv_runner.app/Contents/MacOS/gmv_runner; sourceTree = "<group>"; };
		AA658D69187B4351003EECC6 /* python */ = {isa = PBXFileReference; lastKnownFileType = "compiled.mach-o.executable"; name = python; path = gmvault/dist/dist/gmv_runner.app/Contents/MacOS/python; sourceTree = "<group>"; };
		AA658D6D187B4397003EECC6 /* Python.framework */ = {isa = PBXFileReference; lastKnownFileType = wrapper.framework; name = Python.framework; path = gmvault/dist/dist/gmv_runner.app/Contents/Frameworks/Python.framework; sourceTree = "<group>"; };
		AAB09A2B187AF12400580CA8 /* GMailVault X.app */ = {isa = PBXFileReference; explicitFileType = wrapper.application; includeInIndex = 0; path = "GMailVault X.app"; sourceTree = BUILT_PRODUCTS_DIR; };
		AAB09A2E187AF12400580CA8 /* Cocoa.framework */ = {isa = PBXFileReference; lastKnownFileType = wrapper.framework; name = Cocoa.framework; path = System/Library/Frameworks/Cocoa.framework; sourceTree = SDKROOT; };
		AAB09A31187AF12400580CA8 /* AppKit.framework */ = {isa = PBXFileReference; lastKnownFileType = wrapper.framework; name = AppKit.framework; path = System/Library/Frameworks/AppKit.framework; sourceTree = SDKROOT; };
		AAB09A32187AF12400580CA8 /* CoreData.framework */ = {isa = PBXFileReference; lastKnownFileType = wrapper.framework; name = CoreData.framework; path = System/Library/Frameworks/CoreData.framework; sourceTree = SDKROOT; };
		AAB09A33187AF12400580CA8 /* Foundation.framework */ = {isa = PBXFileReference; lastKnownFileType = wrapper.framework; name = Foundation.framework; path = System/Library/Frameworks/Foundation.framework; sourceTree = SDKROOT; };
		AAB09A36187AF12400580CA8 /* GMailVault X-Info.plist */ = {isa = PBXFileReference; lastKnownFileType = text.plist.xml; path = "GMailVault X-Info.plist"; sourceTree = "<group>"; };
		AAB09A38187AF12400580CA8 /* en */ = {isa = PBXFileReference; lastKnownFileType = text.plist.strings; name = en; path = en.lproj/InfoPlist.strings; sourceTree = "<group>"; };
		AAB09A3A187AF12400580CA8 /* main.m */ = {isa = PBXFileReference; lastKnownFileType = sourcecode.c.objc; path = main.m; sourceTree = "<group>"; };
		AAB09A3C187AF12400580CA8 /* GMailVault X-Prefix.pch */ = {isa = PBXFileReference; lastKnownFileType = sourcecode.c.h; path = "GMailVault X-Prefix.pch"; sourceTree = "<group>"; };
		AAB09A3E187AF12400580CA8 /* en */ = {isa = PBXFileReference; lastKnownFileType = text.rtf; name = en; path = en.lproj/Credits.rtf; sourceTree = "<group>"; };
		AAB09A40187AF12400580CA8 /* AppDelegate.h */ = {isa = PBXFileReference; lastKnownFileType = sourcecode.c.h; path = AppDelegate.h; sourceTree = "<group>"; };
		AAB09A41187AF12400580CA8 /* AppDelegate.m */ = {isa = PBXFileReference; lastKnownFileType = sourcecode.c.objc; path = AppDelegate.m; sourceTree = "<group>"; };
		AAB09A44187AF12400580CA8 /* Base */ = {isa = PBXFileReference; lastKnownFileType = file.xib; name = Base; path = Base.lproj/MainMenu.xib; sourceTree = "<group>"; };
		AAB09A46187AF12400580CA8 /* Images.xcassets */ = {isa = PBXFileReference; lastKnownFileType = folder.assetcatalog; path = Images.xcassets; sourceTree = "<group>"; };
		AAFF5ECC187B8D8900920F9D /* gmvault_selected.png */ = {isa = PBXFileReference; lastKnownFileType = image.png; name = gmvault_selected.png; path = toolbar/gmvault_selected.png; sourceTree = "<group>"; };
		AAFF5ECD187B8D8900920F9D /* gmvault.png */ = {isa = PBXFileReference; lastKnownFileType = image.png; name = gmvault.png; path = toolbar/gmvault.png; sourceTree = "<group>"; };
		AAFF5ECE187B8D8900920F9D /* scheduler_selected.png */ = {isa = PBXFileReference; lastKnownFileType = image.png; name = scheduler_selected.png; path = toolbar/scheduler_selected.png; sourceTree = "<group>"; };
		AAFF5ECF187B8D8900920F9D /* scheduler.png */ = {isa = PBXFileReference; lastKnownFileType = image.png; name = scheduler.png; path = toolbar/scheduler.png; sourceTree = "<group>"; };
		AAFF5ED0187B8D8900920F9D /* settings_selected.png */ = {isa = PBXFileReference; lastKnownFileType = image.png; name = settings_selected.png; path = toolbar/settings_selected.png; sourceTree = "<group>"; };
		AAFF5ED1187B8D8900920F9D /* settings.png */ = {isa = PBXFileReference; lastKnownFileType = image.png; name = settings.png; path = toolbar/settings.png; sourceTree = "<group>"; };
/* End PBXFileReference section */

/* Begin PBXFrameworksBuildPhase section */
		AAB09A28187AF12400580CA8 /* Frameworks */ = {
			isa = PBXFrameworksBuildPhase;
			buildActionMask = 2147483647;
			files = (
				AAB09A2F187AF12400580CA8 /* Cocoa.framework in Frameworks */,
			);
			runOnlyForDeploymentPostprocessing = 0;
		};
/* End PBXFrameworksBuildPhase section */

/* Begin PBXGroup section */
		AA38CB2D187B3F6100426D34 /* Contents */ = {
			isa = PBXGroup;
			children = (
				AA658D6A187B4371003EECC6 /* Frameworks */,
				AA38CB29187B3F5E00426D34 /* Info.plist */,
				AA658D67187B4348003EECC6 /* MacOS */,
				AA38CB2B187B3F5E00426D34 /* PkgInfo */,
				AA658D5F187B430B003EECC6 /* Resources */,
			);
			name = Contents;
			sourceTree = "<group>";
		};
		AA658D5F187B430B003EECC6 /* Resources */ = {
			isa = PBXGroup;
			children = (
				AA658D60187B431A003EECC6 /* __boot__.py */,
				AA658D61187B431A003EECC6 /* __error__.sh */,
				AA658D62187B431A003EECC6 /* gmv_runner.py */,
				AA658D63187B431A003EECC6 /* include */,
				AA658D64187B431A003EECC6 /* lib */,
				AA658D65187B431A003EECC6 /* PythonApplet.icns */,
				AA658D66187B431A003EECC6 /* site.pyc */,
			);
			name = Resources;
			sourceTree = "<group>";
		};
		AA658D67187B4348003EECC6 /* MacOS */ = {
			isa = PBXGroup;
			children = (
				AA658D68187B4351003EECC6 /* gmv_runner */,
				AA658D69187B4351003EECC6 /* python */,
			);
			name = MacOS;
			sourceTree = "<group>";
		};
		AA658D6A187B4371003EECC6 /* Frameworks */ = {
			isa = PBXGroup;
			children = (
				AA658D6D187B4397003EECC6 /* Python.framework */,
			);
			name = Frameworks;
			sourceTree = "<group>";
		};
		AA658D82187B85B2003EECC6 /* toolbar */ = {
			isa = PBXGroup;
			children = (
				AAFF5ECC187B8D8900920F9D /* gmvault_selected.png */,
				AAFF5ECD187B8D8900920F9D /* gmvault.png */,
				AAFF5ECE187B8D8900920F9D /* scheduler_selected.png */,
				AAFF5ECF187B8D8900920F9D /* scheduler.png */,
				AAFF5ED0187B8D8900920F9D /* settings_selected.png */,
				AAFF5ED1187B8D8900920F9D /* settings.png */,
			);
			name = toolbar;
			sourceTree = "<group>";
		};
		AAB09A22187AF12400580CA8 = {
			isa = PBXGroup;
			children = (
				AAB4090F187B3A55000068CD /* gmv_runner */,
				AAB09A34187AF12400580CA8 /* GMailVault X */,
				AAB09A2D187AF12400580CA8 /* Frameworks */,
				AAB09A2C187AF12400580CA8 /* Products */,
			);
			sourceTree = "<group>";
		};
		AAB09A2C187AF12400580CA8 /* Products */ = {
			isa = PBXGroup;
			children = (
				AAB09A2B187AF12400580CA8 /* GMailVault X.app */,
			);
			name = Products;
			sourceTree = "<group>";
		};
		AAB09A2D187AF12400580CA8 /* Frameworks */ = {
			isa = PBXGroup;
			children = (
				AAB09A2E187AF12400580CA8 /* Cocoa.framework */,
				AAB09A30187AF12400580CA8 /* Other Frameworks */,
			);
			name = Frameworks;
			sourceTree = "<group>";
		};
		AAB09A30187AF12400580CA8 /* Other Frameworks */ = {
			isa = PBXGroup;
			children = (
				AAB09A31187AF12400580CA8 /* AppKit.framework */,
				AAB09A32187AF12400580CA8 /* CoreData.framework */,
				AAB09A33187AF12400580CA8 /* Foundation.framework */,
			);
			name = "Other Frameworks";
			sourceTree = "<group>";
		};
		AAB09A34187AF12400580CA8 /* GMailVault X */ = {
			isa = PBXGroup;
			children = (
				AAB09A40187AF12400580CA8 /* AppDelegate.h */,
				AAB09A41187AF12400580CA8 /* AppDelegate.m */,
				AAB09A43187AF12400580CA8 /* MainMenu.xib */,
				AAB09A46187AF12400580CA8 /* Images.xcassets */,
				AAB09A35187AF12400580CA8 /* Supporting Files */,
			);
			name = "GMailVault X";
			path = GmvaultX;
			sourceTree = "<group>";
		};
		AAB09A35187AF12400580CA8 /* Supporting Files */ = {
			isa = PBXGroup;
			children = (
				AA658D82187B85B2003EECC6 /* toolbar */,
				AAB09A36187AF12400580CA8 /* GMailVault X-Info.plist */,
				AAB09A37187AF12400580CA8 /* InfoPlist.strings */,
				AAB09A3A187AF12400580CA8 /* main.m */,
				AAB09A3C187AF12400580CA8 /* GMailVault X-Prefix.pch */,
				AAB09A3D187AF12400580CA8 /* Credits.rtf */,
			);
			name = "Supporting Files";
			sourceTree = "<group>";
		};
		AAB4090F187B3A55000068CD /* gmv_runner */ = {
			isa = PBXGroup;
			children = (
				AA38CB2D187B3F6100426D34 /* Contents */,
			);
			name = gmv_runner;
			sourceTree = "<group>";
		};
/* End PBXGroup section */

/* Begin PBXLegacyTarget section */
		AA1939DE187B323500979014 /* gmvault */ = {
			isa = PBXLegacyTarget;
			buildArgumentsString = "gmv-mac-dist";
			buildConfigurationList = AA1939E1187B323500979014 /* Build configuration list for PBXLegacyTarget "gmvault" */;
			buildPhases = (
			);
			buildToolPath = /usr/bin/make;
			buildWorkingDirectory = "$(SRCROOT)/gmvault";
			dependencies = (
			);
			name = gmvault;
			passBuildSettingsInEnvironment = 1;
			productName = gmvault;
		};
/* End PBXLegacyTarget section */

/* Begin PBXNativeTarget section */
		AAB09A2A187AF12400580CA8 /* GMailVault X */ = {
			isa = PBXNativeTarget;
			buildConfigurationList = AAB09A5C187AF12400580CA8 /* Build configuration list for PBXNativeTarget "GMailVault X" */;
			buildPhases = (
				AAB09A27187AF12400580CA8 /* Sources */,
				AAB09A28187AF12400580CA8 /* Frameworks */,
				AAB09A29187AF12400580CA8 /* Resources */,
				AA38CB19187B3E9300426D34 /* CopyFiles */,
				AA658D70187B43D7003EECC6 /* CopyFiles */,
				AA658D72187B440B003EECC6 /* CopyFiles */,
			);
			buildRules = (
			);
			dependencies = (
			);
			name = "GMailVault X";
			productName = GmvaultX;
			productReference = AAB09A2B187AF12400580CA8 /* GMailVault X.app */;
			productType = "com.apple.product-type.application";
		};
/* End PBXNativeTarget section */

/* Begin PBXProject section */
		AAB09A23187AF12400580CA8 /* Project object */ = {
			isa = PBXProject;
			attributes = {
				LastUpgradeCheck = 0500;
				ORGANIZATIONNAME = "christian kuendig";
			};
			buildConfigurationList = AAB09A26187AF12400580CA8 /* Build configuration list for PBXProject "GMailVault X" */;
			compatibilityVersion = "Xcode 3.2";
			developmentRegion = English;
			hasScannedForEncodings = 0;
			knownRegions = (
				en,
				Base,
			);
			mainGroup = AAB09A22187AF12400580CA8;
			productRefGroup = AAB09A2C187AF12400580CA8 /* Products */;
			projectDirPath = "";
			projectRoot = "";
			targets = (
				AAB09A2A187AF12400580CA8 /* GMailVault X */,
				AA1939DE187B323500979014 /* gmvault */,
			);
		};
/* End PBXProject section */

/* Begin PBXResourcesBuildPhase section */
		AAB09A29187AF12400580CA8 /* Resources */ = {
			isa = PBXResourcesBuildPhase;
			buildActionMask = 2147483647;
			files = (
				AAFF5ED7187B8D8900920F9D /* settings.png in Resources */,
				AA38CB32187B416A00426D34 /* MainMenu.xib in Resources */,
				AAFF5ED6187B8D8900920F9D /* settings_selected.png in Resources */,
				AAFF5ED4187B8D8900920F9D /* scheduler_selected.png in Resources */,
				AAB09A39187AF12400580CA8 /* InfoPlist.strings in Resources */,
				AAFF5ED2187B8D8900920F9D /* gmvault_selected.png in Resources */,
				AAB09A47187AF12400580CA8 /* Images.xcassets in Resources */,
				AAFF5ED5187B8D8900920F9D /* scheduler.png in Resources */,
				AAB09A3F187AF12400580CA8 /* Credits.rtf in Resources */,
				AAFF5ED3187B8D8900920F9D /* gmvault.png in Resources */,
			);
			runOnlyForDeploymentPostprocessing = 0;
		};
/* End PBXResourcesBuildPhase section */

/* Begin PBXSourcesBuildPhase section */
		AAB09A27187AF12400580CA8 /* Sources */ = {
			isa = PBXSourcesBuildPhase;
			buildActionMask = 2147483647;
			files = (
				AAB09A42187AF12400580CA8 /* AppDelegate.m in Sources */,
				AAB09A3B187AF12400580CA8 /* main.m in Sources */,
			);
			runOnlyForDeploymentPostprocessing = 0;
		};
/* End PBXSourcesBuildPhase section */

/* Begin PBXVariantGroup section */
		AAB09A37187AF12400580CA8 /* InfoPlist.strings */ = {
			isa = PBXVariantGroup;
			children = (
				AAB09A38187AF12400580CA8 /* en */,
			);
			name = InfoPlist.strings;
			sourceTree = "<group>";
		};
		AAB09A3D187AF12400580CA8 /* Credits.rtf */ = {
			isa = PBXVariantGroup;
			children = (
				AAB09A3E187AF12400580CA8 /* en */,
			);
			name = Credits.rtf;
			sourceTree = "<group>";
		};
		AAB09A43187AF12400580CA8 /* MainMenu.xib */ = {
			isa = PBXVariantGroup;
			children = (
				AAB09A44187AF12400580CA8 /* Base */,
			);
			name = MainMenu.xib;
			sourceTree = "<group>";
		};
/* End PBXVariantGroup section */

/* Begin XCBuildConfiguration section */
		AA1939DF187B323500979014 /* Debug */ = {
			isa = XCBuildConfiguration;
			buildSettings = {
				DEBUGGING_SYMBOLS = YES;
				GCC_GENERATE_DEBUGGING_SYMBOLS = YES;
				GCC_OPTIMIZATION_LEVEL = 0;
				GCC_PREPROCESSOR_DEFINITIONS = (
					"DEBUG=1",
					"$(inherited)",
				);
				OTHER_CFLAGS = "";
				OTHER_LDFLAGS = "";
				PRODUCT_NAME = "$(TARGET_NAME)";
			};
			name = Debug;
		};
		AA1939E0187B323500979014 /* Release */ = {
			isa = XCBuildConfiguration;
			buildSettings = {
				OTHER_CFLAGS = "";
				OTHER_LDFLAGS = "";
				PRODUCT_NAME = "$(TARGET_NAME)";
			};
			name = Release;
		};
		AAB09A5A187AF12400580CA8 /* Debug */ = {
			isa = XCBuildConfiguration;
			buildSettings = {
				ALWAYS_SEARCH_USER_PATHS = NO;
				CLANG_CXX_LANGUAGE_STANDARD = "gnu++0x";
				CLANG_CXX_LIBRARY = "libc++";
				CLANG_ENABLE_OBJC_ARC = YES;
				CLANG_WARN_BOOL_CONVERSION = YES;
				CLANG_WARN_CONSTANT_CONVERSION = YES;
				CLANG_WARN_DIRECT_OBJC_ISA_USAGE = YES_ERROR;
				CLANG_WARN_EMPTY_BODY = YES;
				CLANG_WARN_ENUM_CONVERSION = YES;
				CLANG_WARN_INT_CONVERSION = YES;
				CLANG_WARN_OBJC_ROOT_CLASS = YES_ERROR;
				CLANG_WARN__DUPLICATE_METHOD_MATCH = YES;
				COPY_PHASE_STRIP = NO;
				GCC_C_LANGUAGE_STANDARD = gnu99;
				GCC_DYNAMIC_NO_PIC = NO;
				GCC_ENABLE_OBJC_EXCEPTIONS = YES;
				GCC_OPTIMIZATION_LEVEL = 0;
				GCC_PREPROCESSOR_DEFINITIONS = (
					"DEBUG=1",
					"$(inherited)",
				);
				GCC_SYMBOLS_PRIVATE_EXTERN = NO;
				GCC_WARN_64_TO_32_BIT_CONVERSION = YES;
				GCC_WARN_ABOUT_RETURN_TYPE = YES_ERROR;
				GCC_WARN_UNDECLARED_SELECTOR = YES;
				GCC_WARN_UNINITIALIZED_AUTOS = YES;
				GCC_WARN_UNUSED_FUNCTION = YES;
				GCC_WARN_UNUSED_VARIABLE = YES;
				MACOSX_DEPLOYMENT_TARGET = 10.8;
				ONLY_ACTIVE_ARCH = YES;
				PRODUCT_NAME = "";
				SDKROOT = macosx;
			};
			name = Debug;
		};
		AAB09A5B187AF12400580CA8 /* Release */ = {
			isa = XCBuildConfiguration;
			buildSettings = {
				ALWAYS_SEARCH_USER_PATHS = NO;
				CLANG_CXX_LANGUAGE_STANDARD = "gnu++0x";
				CLANG_CXX_LIBRARY = "libc++";
				CLANG_ENABLE_OBJC_ARC = YES;
				CLANG_WARN_BOOL_CONVERSION = YES;
				CLANG_WARN_CONSTANT_CONVERSION = YES;
				CLANG_WARN_DIRECT_OBJC_ISA_USAGE = YES_ERROR;
				CLANG_WARN_EMPTY_BODY = YES;
				CLANG_WARN_ENUM_CONVERSION = YES;
				CLANG_WARN_INT_CONVERSION = YES;
				CLANG_WARN_OBJC_ROOT_CLASS = YES_ERROR;
				CLANG_WARN__DUPLICATE_METHOD_MATCH = YES;
				COPY_PHASE_STRIP = YES;
				DEBUG_INFORMATION_FORMAT = "dwarf-with-dsym";
				ENABLE_NS_ASSERTIONS = NO;
				GCC_C_LANGUAGE_STANDARD = gnu99;
				GCC_ENABLE_OBJC_EXCEPTIONS = YES;
				GCC_WARN_64_TO_32_BIT_CONVERSION = YES;
				GCC_WARN_ABOUT_RETURN_TYPE = YES_ERROR;
				GCC_WARN_UNDECLARED_SELECTOR = YES;
				GCC_WARN_UNINITIALIZED_AUTOS = YES;
				GCC_WARN_UNUSED_FUNCTION = YES;
				GCC_WARN_UNUSED_VARIABLE = YES;
				MACOSX_DEPLOYMENT_TARGET = 10.8;
				PRODUCT_NAME = "";
				SDKROOT = macosx;
			};
			name = Release;
		};
		AAB09A5D187AF12400580CA8 /* Debug */ = {
			isa = XCBuildConfiguration;
			buildSettings = {
				ASSETCATALOG_COMPILER_APPICON_NAME = AppIcon;
				COMBINE_HIDPI_IMAGES = YES;
				GCC_PRECOMPILE_PREFIX_HEADER = YES;
				GCC_PREFIX_HEADER = "GmvaultX/GMailVault X-Prefix.pch";
				INFOPLIST_FILE = "GmvaultX/GMailVault X-Info.plist";
				LIBRARY_SEARCH_PATHS = (
					"$(inherited)",
					"$(SYSTEM_LIBRARY_DIR)/Frameworks/Python.framework/Versions/2.7/lib/python2.7/config",
				);
				PRODUCT_NAME = "GMailVault X";
				WRAPPER_EXTENSION = app;
			};
			name = Debug;
		};
		AAB09A5E187AF12400580CA8 /* Release */ = {
			isa = XCBuildConfiguration;
			buildSettings = {
				ASSETCATALOG_COMPILER_APPICON_NAME = AppIcon;
				COMBINE_HIDPI_IMAGES = YES;
				GCC_PRECOMPILE_PREFIX_HEADER = YES;
				GCC_PREFIX_HEADER = "GmvaultX/GMailVault X-Prefix.pch";
				INFOPLIST_FILE = "GmvaultX/GMailVault X-Info.plist";
				LIBRARY_SEARCH_PATHS = (
					"$(inherited)",
					"$(SYSTEM_LIBRARY_DIR)/Frameworks/Python.framework/Versions/2.7/lib/python2.7/config",
				);
				PRODUCT_NAME = "GMailVault X";
				WRAPPER_EXTENSION = app;
			};
			name = Release;
		};
/* End XCBuildConfiguration section */

/* Begin XCConfigurationList section */
		AA1939E1187B323500979014 /* Build configuration list for PBXLegacyTarget "gmvault" */ = {
			isa = XCConfigurationList;
			buildConfigurations = (
				AA1939DF187B323500979014 /* Debug */,
				AA1939E0187B323500979014 /* Release */,
			);
			defaultConfigurationIsVisible = 0;
			defaultConfigurationName = Release;
		};
		AAB09A26187AF12400580CA8 /* Build configuration list for PBXProject "GMailVault X" */ = {
			isa = XCConfigurationList;
			buildConfigurations = (
				AAB09A5A187AF12400580CA8 /* Debug */,
				AAB09A5B187AF12400580CA8 /* Release */,
			);
			defaultConfigurationIsVisible = 0;
			defaultConfigurationName = Release;
		};
		AAB09A5C187AF12400580CA8 /* Build configuration list for PBXNativeTarget "GMailVault X" */ = {
			isa = XCConfigurationList;
			buildConfigurations = (
				AAB09A5D187AF12400580CA8 /* Debug */,
				AAB09A5E187AF12400580CA8 /* Release */,
			);
			defaultConfigurationIsVisible = 0;
			defaultConfigurationName = Release;
		};
/* End XCConfigurationList section */
	};
	rootObject = AAB09A23187AF12400580CA8 /* Project object */;
}
